
Microsoft Visual Studio Solution File, Format Version 12.00
# Visual Studio 15
VisualStudioVersion = 15.0.26730.16
MinimumVisualStudioVersion = 10.0.40219.1
Project("{FAE04EC0-301F-11D3-BF4B-00C04F79EFBC}") = "Sudoku", "Sudoku\Sudoku.csproj", "{990F00F9-D08C-45A0-ADE9-1320C6E9B8A3}"
EndProject
Project("{FAE04EC0-301F-11D3-BF4B-00C04F79EFBC}") = "Core", "Core\Core.csproj", "{75014AAE-0C79-47F5-8448-9FAF2233F656}"
EndProject
Project("{FAE04EC0-301F-11D3-BF4B-00C04F79EFBC}") = "CoreTestProject", "CoreTestProject\CoreTestProject.csproj", "{BC0E8223-E7A6-452C-A788-27612CD38C6A}"
EndProject
Project("{FAE04EC0-301F-11D3-BF4B-00C04F79EFBC}") = "SudokuData", "SudokuData\SudokuData.csproj", "{58A1356E-E67E-4D39-BC3B-C91D39859C5B}"
EndProject
Global
	GlobalSection(SolutionConfigurationPlatforms) = preSolution
		Debug|Any CPU = Debug|Any CPU
		Debug|ARM = Debug|ARM
		Debug|x64 = Debug|x64
		Debug|x86 = Debug|x86
		Release|Any CPU = Release|Any CPU
		Release|ARM = Release|ARM
		Release|x64 = Release|x64
		Release|x86 = Release|x86
	EndGlobalSection
	GlobalSection(ProjectConfigurationPlatforms) = postSolution
		{990F00F9-D08C-45A0-ADE9-1320C6E9B8A3}.Debug|Any CPU.ActiveCfg = Debug|Any CPU
		{990F00F9-D08C-45A0-ADE9-1320C6E9B8A3}.Debug|Any CPU.Build.0 = Debug|Any CPU
		{990F00F9-D08C-45A0-ADE9-1320C6E9B8A3}.Debug|ARM.ActiveCfg = Debug|Any CPU
		{990F00F9-D08C-45A0-ADE9-1320C6E9B8A3}.Debug|ARM.Build.0 = Debug|Any CPU
		{990F00F9-D08C-45A0-ADE9-1320C6E9B8A3}.Debug|x64.ActiveCfg = Debug|Any CPU
		{990F00F9-D08C-45A0-ADE9-1320C6E9B8A3}.Debug|x64.Build.0 = Debug|Any CPU
		{990F00F9-D08C-45A0-ADE9-1320C6E9B8A3}.Debug|x86.ActiveCfg = Debug|Any CPU
		{990F00F9-D08C-45A0-ADE9-1320C6E9B8A3}.Debug|x86.Build.0 = Debug|Any CPU
		{990F00F9-D08C-45A0-ADE9-1320C6E9B8A3}.Release|Any CPU.ActiveCfg = Release|Any CPU
		{990F00F9-D08C-45A0-ADE9-1320C6E9B8A3}.Release|Any CPU.Build.0 = Release|Any CPU
		{990F00F9-D08C-45A0-ADE9-1320C6E9B8A3}.Release|ARM.ActiveCfg = Release|Any CPU
		{990F00F9-D08C-45A0-ADE9-1320C6E9B8A3}.Release|ARM.Build.0 = Release|Any CPU
		{990F00F9-D08C-45A0-ADE9-1320C6E9B8A3}.Release|x64.ActiveCfg = Release|Any CPU
		{990F00F9-D08C-45A0-ADE9-1320C6E9B8A3}.Release|x64.Build.0 = Release|Any CPU
		{990F00F9-D08C-45A0-ADE9-1320C6E9B8A3}.Release|x86.ActiveCfg = Release|Any CPU
		{990F00F9-D08C-45A0-ADE9-1320C6E9B8A3}.Release|x86.Build.0 = Release|Any CPU
		{75014AAE-0C79-47F5-8448-9FAF2233F656}.Debug|Any CPU.ActiveCfg = Debug|Any CPU
		{75014AAE-0C79-47F5-8448-9FAF2233F656}.Debug|Any CPU.Build.0 = Debug|Any CPU
		{75014AAE-0C79-47F5-8448-9FAF2233F656}.Debug|ARM.ActiveCfg = Debug|Any CPU
		{75014AAE-0C79-47F5-8448-9FAF2233F656}.Debug|ARM.Build.0 = Debug|Any CPU
		{75014AAE-0C79-47F5-8448-9FAF2233F656}.Debug|x64.ActiveCfg = Debug|Any CPU
		{75014AAE-0C79-47F5-8448-9FAF2233F656}.Debug|x64.Build.0 = Debug|Any CPU
		{75014AAE-0C79-47F5-8448-9FAF2233F656}.Debug|x86.ActiveCfg = Debug|Any CPU
		{75014AAE-0C79-47F5-8448-9FAF2233F656}.Debug|x86.Build.0 = Debug|Any CPU
		{75014AAE-0C79-47F5-8448-9FAF2233F656}.Release|Any CPU.ActiveCfg = Release|Any CPU
		{75014AAE-0C79-47F5-8448-9FAF2233F656}.Release|Any CPU.Build.0 = Release|Any CPU
		{75014AAE-0C79-47F5-8448-9FAF2233F656}.Release|ARM.ActiveCfg = Release|Any CPU
		{75014AAE-0C79-47F5-8448-9FAF2233F656}.Release|ARM.Build.0 = Release|Any CPU
		{75014AAE-0C79-47F5-8448-9FAF2233F656}.Release|x64.ActiveCfg = Release|Any CPU
		{75014AAE-0C79-47F5-8448-9FAF2233F656}.Release|x64.Build.0 = Release|Any CPU
		{75014AAE-0C79-47F5-8448-9FAF2233F656}.Release|x86.ActiveCfg = Release|Any CPU
		{75014AAE-0C79-47F5-8448-9FAF2233F656}.Release|x86.Build.0 = Release|Any CPU
		{BC0E8223-E7A6-452C-A788-27612CD38C6A}.Debug|Any CPU.ActiveCfg = Debug|Any CPU
		{BC0E8223-E7A6-452C-A788-27612CD38C6A}.Debug|Any CPU.Build.0 = Debug|Any CPU
		{BC0E8223-E7A6-452C-A788-27612CD38C6A}.Debug|ARM.ActiveCfg = Debug|Any CPU
		{BC0E8223-E7A6-452C-A788-27612CD38C6A}.Debug|ARM.Build.0 = Debug|Any CPU
		{BC0E8223-E7A6-452C-A788-27612CD38C6A}.Debug|x64.ActiveCfg = Debug|Any CPU
		{BC0E8223-E7A6-452C-A788-27612CD38C6A}.Debug|x64.Build.0 = Debug|Any CPU
		{BC0E8223-E7A6-452C-A788-27612CD38C6A}.Debug|x86.ActiveCfg = Debug|Any CPU
		{BC0E8223-E7A6-452C-A788-27612CD38C6A}.Debug|x86.Build.0 = Debug|Any CPU
		{BC0E8223-E7A6-452C-A788-27612CD38C6A}.Release|Any CPU.ActiveCfg = Release|Any CPU
		{BC0E8223-E7A6-452C-A788-27612CD38C6A}.Release|Any CPU.Build.0 = Release|Any CPU
		{BC0E8223-E7A6-452C-A788-27612CD38C6A}.Release|ARM.ActiveCfg = Release|Any CPU
		{BC0E8223-E7A6-452C-A788-27612CD38C6A}.Release|ARM.Build.0 = Release|Any CPU
		{BC0E8223-E7A6-452C-A788-27612CD38C6A}.Release|x64.ActiveCfg = Release|Any CPU
		{BC0E8223-E7A6-452C-A788-27612CD38C6A}.Release|x64.Build.0 = Release|Any CPU
		{BC0E8223-E7A6-452C-A788-27612CD38C6A}.Release|x86.ActiveCfg = Release|Any CPU
		{BC0E8223-E7A6-452C-A788-27612CD38C6A}.Release|x86.Build.0 = Release|Any CPU
		{58A1356E-E67E-4D39-BC3B-C91D39859C5B}.Debug|Any CPU.ActiveCfg = Debug|Any CPU
		{58A1356E-E67E-4D39-BC3B-C91D39859C5B}.Debug|Any CPU.Build.0 = Debug|Any CPU
		{58A1356E-E67E-4D39-BC3B-C91D39859C5B}.Debug|ARM.ActiveCfg = Debug|ARM
		{58A1356E-E67E-4D39-BC3B-C91D39859C5B}.Debug|ARM.Build.0 = Debug|ARM
		{58A1356E-E67E-4D39-BC3B-C91D39859C5B}.Debug|x64.ActiveCfg = Debug|x64
		{58A1356E-E67E-4D39-BC3B-C91D39859C5B}.Debug|x64.Build.0 = Debug|x64
		{58A1356E-E67E-4D39-BC3B-C91D39859C5B}.Debug|x86.ActiveCfg = Debug|x86
		{58A1356E-E67E-4D39-BC3B-C91D39859C5B}.Debug|x86.Build.0 = Debug|x86
		{58A1356E-E67E-4D39-BC3B-C91D39859C5B}.Release|Any CPU.ActiveCfg = Release|Any CPU
		{58A1356E-E67E-4D39-BC3B-C91D39859C5B}.Release|Any CPU.Build.0 = Release|Any CPU
		{58A1356E-E67E-4D39-BC3B-C91D39859C5B}.Release|ARM.ActiveCfg = Release|ARM
		{58A1356E-E67E-4D39-BC3B-C91D39859C5B}.Release|ARM.Build.0 = Release|ARM
		{58A1356E-E67E-4D39-BC3B-C91D39859C5B}.Release|x64.ActiveCfg = Release|x64
		{58A1356E-E67E-4D39-BC3B-C91D39859C5B}.Release|x64.Build.0 = Release|x64
		{58A1356E-E67E-4D39-BC3B-C91D39859C5B}.Release|x86.ActiveCfg = Release|x86
		{58A1356E-E67E-4D39-BC3B-C91D39859C5B}.Release|x86.Build.0 = Release|x86
	EndGlobalSection
	GlobalSection(SolutionProperties) = preSolution
		HideSolutionNode = FALSE
	EndGlobalSection
	GlobalSection(ExtensibilityGlobals) = postSolution
		SolutionGuid = {773014B9-6092-4064-B293-04313ABD738C}
	EndGlobalSection
EndGlobal
